
Microsoft Visual Studio Solution File, Format Version 12.00
# Visual Studio 14
VisualStudioVersion = 14.0.25420.1
MinimumVisualStudioVersion = 10.0.40219.1
Project("{FAE04EC0-301F-11D3-BF4B-00C04F79EFBC}") = "Products", "Products\Products.csproj", "{A26B381A-7ABE-4957-8871-5685B410A4E9}"
EndProject
Project("{FAE04EC0-301F-11D3-BF4B-00C04F79EFBC}") = "Domain", "Domain\Domain.csproj", "{58CCE599-7E0D-4B5D-923D-48EE93963FCF}"
EndProject
Project("{FAE04EC0-301F-11D3-BF4B-00C04F79EFBC}") = "BUS", "BLL\BUS.csproj", "{C756219A-E497-4B7C-B09E-504ED9AD240C}"
EndProject
Project("{FAE04EC0-301F-11D3-BF4B-00C04F79EFBC}") = "Products.Tests", "Products.Tests\Products.Tests.csproj", "{10E395E0-90DE-4515-B0C3-3A2868DBCB8F}"
EndProject
Global
	GlobalSection(SolutionConfigurationPlatforms) = preSolution
		Debug|Any CPU = Debug|Any CPU
		Release|Any CPU = Release|Any CPU
	EndGlobalSection
	GlobalSection(ProjectConfigurationPlatforms) = postSolution
		{A26B381A-7ABE-4957-8871-5685B410A4E9}.Debug|Any CPU.ActiveCfg = Debug|Any CPU
		{A26B381A-7ABE-4957-8871-5685B410A4E9}.Debug|Any CPU.Build.0 = Debug|Any CPU
		{A26B381A-7ABE-4957-8871-5685B410A4E9}.Release|Any CPU.ActiveCfg = Release|Any CPU
		{A26B381A-7ABE-4957-8871-5685B410A4E9}.Release|Any CPU.Build.0 = Release|Any CPU
		{58CCE599-7E0D-4B5D-923D-48EE93963FCF}.Debug|Any CPU.ActiveCfg = Debug|Any CPU
		{58CCE599-7E0D-4B5D-923D-48EE93963FCF}.Debug|Any CPU.Build.0 = Debug|Any CPU
		{58CCE599-7E0D-4B5D-923D-48EE93963FCF}.Release|Any CPU.ActiveCfg = Release|Any CPU
		{58CCE599-7E0D-4B5D-923D-48EE93963FCF}.Release|Any CPU.Build.0 = Release|Any CPU
		{C756219A-E497-4B7C-B09E-504ED9AD240C}.Debug|Any CPU.ActiveCfg = Debug|Any CPU
		{C756219A-E497-4B7C-B09E-504ED9AD240C}.Debug|Any CPU.Build.0 = Debug|Any CPU
		{C756219A-E497-4B7C-B09E-504ED9AD240C}.Release|Any CPU.ActiveCfg = Release|Any CPU
		{C756219A-E497-4B7C-B09E-504ED9AD240C}.Release|Any CPU.Build.0 = Release|Any CPU
		{10E395E0-90DE-4515-B0C3-3A2868DBCB8F}.Debug|Any CPU.ActiveCfg = Debug|Any CPU
		{10E395E0-90DE-4515-B0C3-3A2868DBCB8F}.Debug|Any CPU.Build.0 = Debug|Any CPU
		{10E395E0-90DE-4515-B0C3-3A2868DBCB8F}.Release|Any CPU.ActiveCfg = Release|Any CPU
		{10E395E0-90DE-4515-B0C3-3A2868DBCB8F}.Release|Any CPU.Build.0 = Release|Any CPU
	EndGlobalSection
	GlobalSection(SolutionProperties) = preSolution
		HideSolutionNode = FALSE
	EndGlobalSection
EndGlobal
